
Microsoft Visual Studio Solution File, Format Version 10.00
# Visual Studio 2008
Project("{8BC9CEB8-8B4A-11D0-8D11-00A0C91BC942}") = "SubSystem", "SubSystem\SubSystem.vcproj", "{FAEB5A90-8B8B-41BB-BEA5-CE8607604922}"
EndProject
Project("{8BC9CEB8-8B4A-11D0-8D11-00A0C91BC942}") = "ScriptEditor", "ScriptEditor\ScriptEditor.vcproj", "{131BB5DD-A9DF-48DA-90DC-5436B76CE321}"
	ProjectSection(ProjectDependencies) = postProject
		{FAEB5A90-8B8B-41BB-BEA5-CE8607604922} = {FAEB5A90-8B8B-41BB-BEA5-CE8607604922}
	EndProjectSection
EndProject
Global
	GlobalSection(SolutionConfigurationPlatforms) = preSolution
		Debug_ScrpitEditor|Win32 = Debug_ScrpitEditor|Win32
		Debug|Win32 = Debug|Win32
		Release_ScriptEditor|Win32 = Release_ScriptEditor|Win32
		Release|Win32 = Release|Win32
		RelWithDebInfo|Win32 = RelWithDebInfo|Win32
	EndGlobalSection
	GlobalSection(ProjectConfigurationPlatforms) = postSolution
		{FAEB5A90-8B8B-41BB-BEA5-CE8607604922}.Debug_ScrpitEditor|Win32.ActiveCfg = Debug_ScrpitEditor|Win32
		{FAEB5A90-8B8B-41BB-BEA5-CE8607604922}.Debug_ScrpitEditor|Win32.Build.0 = Debug_ScrpitEditor|Win32
		{FAEB5A90-8B8B-41BB-BEA5-CE8607604922}.Debug|Win32.ActiveCfg = Debug|Win32
		{FAEB5A90-8B8B-41BB-BEA5-CE8607604922}.Debug|Win32.Build.0 = Debug|Win32
		{FAEB5A90-8B8B-41BB-BEA5-CE8607604922}.Release_ScriptEditor|Win32.ActiveCfg = Release_ScriptEditor|Win32
		{FAEB5A90-8B8B-41BB-BEA5-CE8607604922}.Release_ScriptEditor|Win32.Build.0 = Release_ScriptEditor|Win32
		{FAEB5A90-8B8B-41BB-BEA5-CE8607604922}.Release|Win32.ActiveCfg = Release|Win32
		{FAEB5A90-8B8B-41BB-BEA5-CE8607604922}.Release|Win32.Build.0 = Release|Win32
		{FAEB5A90-8B8B-41BB-BEA5-CE8607604922}.RelWithDebInfo|Win32.ActiveCfg = Release|Win32
		{FAEB5A90-8B8B-41BB-BEA5-CE8607604922}.RelWithDebInfo|Win32.Build.0 = Release|Win32
		{131BB5DD-A9DF-48DA-90DC-5436B76CE321}.Debug_ScrpitEditor|Win32.ActiveCfg = Debug_ScrpitEditor|Win32
		{131BB5DD-A9DF-48DA-90DC-5436B76CE321}.Debug_ScrpitEditor|Win32.Build.0 = Debug_ScrpitEditor|Win32
		{131BB5DD-A9DF-48DA-90DC-5436B76CE321}.Debug|Win32.ActiveCfg = Debug|Win32
		{131BB5DD-A9DF-48DA-90DC-5436B76CE321}.Debug|Win32.Build.0 = Debug|Win32
		{131BB5DD-A9DF-48DA-90DC-5436B76CE321}.Release_ScriptEditor|Win32.ActiveCfg = Release_ScriptEditor|Win32
		{131BB5DD-A9DF-48DA-90DC-5436B76CE321}.Release_ScriptEditor|Win32.Build.0 = Release_ScriptEditor|Win32
		{131BB5DD-A9DF-48DA-90DC-5436B76CE321}.Release|Win32.ActiveCfg = Release|Win32
		{131BB5DD-A9DF-48DA-90DC-5436B76CE321}.Release|Win32.Build.0 = Release|Win32
		{131BB5DD-A9DF-48DA-90DC-5436B76CE321}.RelWithDebInfo|Win32.ActiveCfg = Release|Win32
		{131BB5DD-A9DF-48DA-90DC-5436B76CE321}.RelWithDebInfo|Win32.Build.0 = Release|Win32
	EndGlobalSection
	GlobalSection(SolutionProperties) = preSolution
		HideSolutionNode = FALSE
	EndGlobalSection
EndGlobal
